
Microsoft Visual Studio Solution File, Format Version 12.00
# Visual Studio Version 17
VisualStudioVersion = 17.7.34221.43
MinimumVisualStudioVersion = 10.0.40219.1
Project("{9A19103F-16F7-4668-BE54-9A1E7A4F7556}") = "WebApplication3", "WebApplication3.csproj", "{C046BAFD-AEDA-4F9F-90E7-94A64EA71471}"
EndProject
Global
	GlobalSection(SolutionConfigurationPlatforms) = preSolution
		Debug|Any CPU = Debug|Any CPU
		Release|Any CPU = Release|Any CPU
	EndGlobalSection
	GlobalSection(ProjectConfigurationPlatforms) = postSolution
		{C046BAFD-AEDA-4F9F-90E7-94A64EA71471}.Debug|Any CPU.ActiveCfg = Debug|Any CPU
		{C046BAFD-AEDA-4F9F-90E7-94A64EA71471}.Debug|Any CPU.Build.0 = Debug|Any CPU
		{C046BAFD-AEDA-4F9F-90E7-94A64EA71471}.Release|Any CPU.ActiveCfg = Release|Any CPU
		{C046BAFD-AEDA-4F9F-90E7-94A64EA71471}.Release|Any CPU.Build.0 = Release|Any CPU
	EndGlobalSection
	GlobalSection(SolutionProperties) = preSolution
		HideSolutionNode = FALSE
	EndGlobalSection
	GlobalSection(ExtensibilityGlobals) = postSolution
		SolutionGuid = {C96D3C1E-3814-494B-9A01-A21A13D48164}
	EndGlobalSection
EndGlobal
